
Microsoft Visual Studio Solution File, Format Version 12.00
# Visual Studio Version 17
VisualStudioVersion = 17.0.31912.275
MinimumVisualStudioVersion = 10.0.40219.1
Project("{9A19103F-16F7-4668-BE54-9A1E7A4F7556}") = "IpLookup.ApiHost", "src\IpLookup.ApiHost\IpLookup.ApiHost.csproj", "{8A422878-CA4A-459F-A8FE-62773930CCE6}"
EndProject
Project("{9A19103F-16F7-4668-BE54-9A1E7A4F7556}") = "IpLookup.Application", "src\IpLookup.Application\IpLookup.Application.csproj", "{4885ABE2-4606-43DA-AB1B-98F4F239AB08}"
EndProject
Project("{9A19103F-16F7-4668-BE54-9A1E7A4F7556}") = "IpLookup.Infrastructure", "src\IpLookup.Infrastructure\IpLookup.Infrastructure.csproj", "{EF332F9E-4AB8-4938-8277-9CBB8482853F}"
EndProject
Project("{FAE04EC0-301F-11D3-BF4B-00C04F79EFBC}") = "IpLookup.Domain", "src\IpLookup.Domain\IpLookup.Domain.csproj", "{6DFE3531-CB0A-4CFB-85DB-985BA033B98E}"
EndProject
Project("{2150E333-8FDC-42A3-9474-1A3956D46DE8}") = "test", "test", "{D68F2139-E882-4CF2-94BE-DC72DD067399}"
EndProject
Project("{FAE04EC0-301F-11D3-BF4B-00C04F79EFBC}") = "IpLookup.Application.UnitTests", "tests\IpLookup.Application.UnitTests\IpLookup.Application.UnitTests.csproj", "{A4E6AB67-038A-49EB-A2B9-D5683E13E949}"
EndProject
Global
	GlobalSection(SolutionConfigurationPlatforms) = preSolution
		Debug|Any CPU = Debug|Any CPU
		Release|Any CPU = Release|Any CPU
	EndGlobalSection
	GlobalSection(ProjectConfigurationPlatforms) = postSolution
		{8A422878-CA4A-459F-A8FE-62773930CCE6}.Debug|Any CPU.ActiveCfg = Debug|Any CPU
		{8A422878-CA4A-459F-A8FE-62773930CCE6}.Debug|Any CPU.Build.0 = Debug|Any CPU
		{8A422878-CA4A-459F-A8FE-62773930CCE6}.Release|Any CPU.ActiveCfg = Release|Any CPU
		{8A422878-CA4A-459F-A8FE-62773930CCE6}.Release|Any CPU.Build.0 = Release|Any CPU
		{4885ABE2-4606-43DA-AB1B-98F4F239AB08}.Debug|Any CPU.ActiveCfg = Debug|Any CPU
		{4885ABE2-4606-43DA-AB1B-98F4F239AB08}.Debug|Any CPU.Build.0 = Debug|Any CPU
		{4885ABE2-4606-43DA-AB1B-98F4F239AB08}.Release|Any CPU.ActiveCfg = Release|Any CPU
		{4885ABE2-4606-43DA-AB1B-98F4F239AB08}.Release|Any CPU.Build.0 = Release|Any CPU
		{EF332F9E-4AB8-4938-8277-9CBB8482853F}.Debug|Any CPU.ActiveCfg = Debug|Any CPU
		{EF332F9E-4AB8-4938-8277-9CBB8482853F}.Debug|Any CPU.Build.0 = Debug|Any CPU
		{EF332F9E-4AB8-4938-8277-9CBB8482853F}.Release|Any CPU.ActiveCfg = Release|Any CPU
		{EF332F9E-4AB8-4938-8277-9CBB8482853F}.Release|Any CPU.Build.0 = Release|Any CPU
		{6DFE3531-CB0A-4CFB-85DB-985BA033B98E}.Debug|Any CPU.ActiveCfg = Debug|Any CPU
		{6DFE3531-CB0A-4CFB-85DB-985BA033B98E}.Debug|Any CPU.Build.0 = Debug|Any CPU
		{6DFE3531-CB0A-4CFB-85DB-985BA033B98E}.Release|Any CPU.ActiveCfg = Release|Any CPU
		{6DFE3531-CB0A-4CFB-85DB-985BA033B98E}.Release|Any CPU.Build.0 = Release|Any CPU
		{A4E6AB67-038A-49EB-A2B9-D5683E13E949}.Debug|Any CPU.ActiveCfg = Debug|Any CPU
		{A4E6AB67-038A-49EB-A2B9-D5683E13E949}.Debug|Any CPU.Build.0 = Debug|Any CPU
		{A4E6AB67-038A-49EB-A2B9-D5683E13E949}.Release|Any CPU.ActiveCfg = Release|Any CPU
		{A4E6AB67-038A-49EB-A2B9-D5683E13E949}.Release|Any CPU.Build.0 = Release|Any CPU
	EndGlobalSection
	GlobalSection(SolutionProperties) = preSolution
		HideSolutionNode = FALSE
	EndGlobalSection
	GlobalSection(NestedProjects) = preSolution
		{A4E6AB67-038A-49EB-A2B9-D5683E13E949} = {D68F2139-E882-4CF2-94BE-DC72DD067399}
	EndGlobalSection
	GlobalSection(ExtensibilityGlobals) = postSolution
		SolutionGuid = {E928D470-841A-45D7-ABEC-0424FA6ED84D}
	EndGlobalSection
EndGlobal
